
Microsoft Visual Studio Solution File, Format Version 12.00
# Visual Studio Version 17
VisualStudioVersion = 17.10.35027.167
MinimumVisualStudioVersion = 10.0.40219.1
Project("{FAE04EC0-301F-11D3-BF4B-00C04F79EFBC}") = "InMemory", "InMemory\InMemory.csproj", "{ED15A8F8-C64D-4B07-943C-03ED555DCD42}"
EndProject
Project("{FAE04EC0-301F-11D3-BF4B-00C04F79EFBC}") = "Redis", "Redis\Redis.csproj", "{3C666AA4-B518-4B08-A2E9-1F608B5ABC9C}"
EndProject
Global
	GlobalSection(SolutionConfigurationPlatforms) = preSolution
		Debug|Any CPU = Debug|Any CPU
		Release|Any CPU = Release|Any CPU
	EndGlobalSection
	GlobalSection(ProjectConfigurationPlatforms) = postSolution
		{ED15A8F8-C64D-4B07-943C-03ED555DCD42}.Debug|Any CPU.ActiveCfg = Debug|Any CPU
		{ED15A8F8-C64D-4B07-943C-03ED555DCD42}.Debug|Any CPU.Build.0 = Debug|Any CPU
		{ED15A8F8-C64D-4B07-943C-03ED555DCD42}.Release|Any CPU.ActiveCfg = Release|Any CPU
		{ED15A8F8-C64D-4B07-943C-03ED555DCD42}.Release|Any CPU.Build.0 = Release|Any CPU
		{3C666AA4-B518-4B08-A2E9-1F608B5ABC9C}.Debug|Any CPU.ActiveCfg = Debug|Any CPU
		{3C666AA4-B518-4B08-A2E9-1F608B5ABC9C}.Debug|Any CPU.Build.0 = Debug|Any CPU
		{3C666AA4-B518-4B08-A2E9-1F608B5ABC9C}.Release|Any CPU.ActiveCfg = Release|Any CPU
		{3C666AA4-B518-4B08-A2E9-1F608B5ABC9C}.Release|Any CPU.Build.0 = Release|Any CPU
	EndGlobalSection
	GlobalSection(SolutionProperties) = preSolution
		HideSolutionNode = FALSE
	EndGlobalSection
	GlobalSection(ExtensibilityGlobals) = postSolution
		SolutionGuid = {F7688F77-3D07-469E-9CC6-123D3A54E46C}
	EndGlobalSection
EndGlobal
